
Microsoft Visual Studio Solution File, Format Version 12.00
# Visual Studio Version 16
VisualStudioVersion = 16.0.33130.400
MinimumVisualStudioVersion = 10.0.40219.1
Project("{FAE04EC0-301F-11D3-BF4B-00C04F79EFBC}") = "WinNote", "WinNote\WinNote.csproj", "{BFD6C248-8A83-4B82-AA6B-7A1B124D1237}"
EndProject
Global
	GlobalSection(SolutionConfigurationPlatforms) = preSolution
		Debug|ARM = Debug|ARM
		Debug|ARM64 = Debug|ARM64
		Debug|x64 = Debug|x64
		Debug|x86 = Debug|x86
		Release|ARM = Release|ARM
		Release|ARM64 = Release|ARM64
		Release|x64 = Release|x64
		Release|x86 = Release|x86
	EndGlobalSection
	GlobalSection(ProjectConfigurationPlatforms) = postSolution
		{BFD6C248-8A83-4B82-AA6B-7A1B124D1237}.Debug|ARM.ActiveCfg = Debug|ARM
		{BFD6C248-8A83-4B82-AA6B-7A1B124D1237}.Debug|ARM.Build.0 = Debug|ARM
		{BFD6C248-8A83-4B82-AA6B-7A1B124D1237}.Debug|ARM.Deploy.0 = Debug|ARM
		{BFD6C248-8A83-4B82-AA6B-7A1B124D1237}.Debug|ARM64.ActiveCfg = Debug|ARM64
		{BFD6C248-8A83-4B82-AA6B-7A1B124D1237}.Debug|ARM64.Build.0 = Debug|ARM64
		{BFD6C248-8A83-4B82-AA6B-7A1B124D1237}.Debug|ARM64.Deploy.0 = Debug|ARM64
		{BFD6C248-8A83-4B82-AA6B-7A1B124D1237}.Debug|x64.ActiveCfg = Debug|x64
		{BFD6C248-8A83-4B82-AA6B-7A1B124D1237}.Debug|x64.Build.0 = Debug|x64
		{BFD6C248-8A83-4B82-AA6B-7A1B124D1237}.Debug|x64.Deploy.0 = Debug|x64
		{BFD6C248-8A83-4B82-AA6B-7A1B124D1237}.Debug|x86.ActiveCfg = Debug|x86
		{BFD6C248-8A83-4B82-AA6B-7A1B124D1237}.Debug|x86.Build.0 = Debug|x86
		{BFD6C248-8A83-4B82-AA6B-7A1B124D1237}.Debug|x86.Deploy.0 = Debug|x86
		{BFD6C248-8A83-4B82-AA6B-7A1B124D1237}.Release|ARM.ActiveCfg = Release|ARM
		{BFD6C248-8A83-4B82-AA6B-7A1B124D1237}.Release|ARM.Build.0 = Release|ARM
		{BFD6C248-8A83-4B82-AA6B-7A1B124D1237}.Release|ARM.Deploy.0 = Release|ARM
		{BFD6C248-8A83-4B82-AA6B-7A1B124D1237}.Release|ARM64.ActiveCfg = Release|ARM64
		{BFD6C248-8A83-4B82-AA6B-7A1B124D1237}.Release|ARM64.Build.0 = Release|ARM64
		{BFD6C248-8A83-4B82-AA6B-7A1B124D1237}.Release|ARM64.Deploy.0 = Release|ARM64
		{BFD6C248-8A83-4B82-AA6B-7A1B124D1237}.Release|x64.ActiveCfg = Release|x64
		{BFD6C248-8A83-4B82-AA6B-7A1B124D1237}.Release|x64.Build.0 = Release|x64
		{BFD6C248-8A83-4B82-AA6B-7A1B124D1237}.Release|x64.Deploy.0 = Release|x64
		{BFD6C248-8A83-4B82-AA6B-7A1B124D1237}.Release|x86.ActiveCfg = Release|x86
		{BFD6C248-8A83-4B82-AA6B-7A1B124D1237}.Release|x86.Build.0 = Release|x86
		{BFD6C248-8A83-4B82-AA6B-7A1B124D1237}.Release|x86.Deploy.0 = Release|x86
	EndGlobalSection
	GlobalSection(SolutionProperties) = preSolution
		HideSolutionNode = FALSE
	EndGlobalSection
	GlobalSection(ExtensibilityGlobals) = postSolution
		SolutionGuid = {1324FBD8-A06D-4DAF-AD7E-779025F6F503}
	EndGlobalSection
EndGlobal
